
Microsoft Visual Studio Solution File, Format Version 12.00
# Visual Studio Version 17
VisualStudioVersion = 17.14.36203.30 d17.14
MinimumVisualStudioVersion = 10.0.40219.1
Project("{888888A0-9F3D-457C-B088-3A5042F75D52}") = "Py-Fest Program", "Py-Fest Program\Py-Fest Program.pyproj", "{7F5F0099-8771-4DEF-B0A9-8B0A67960C8F}"
EndProject
Global
	GlobalSection(SolutionConfigurationPlatforms) = preSolution
		Debug|Any CPU = Debug|Any CPU
		Release|Any CPU = Release|Any CPU
	EndGlobalSection
	GlobalSection(ProjectConfigurationPlatforms) = postSolution
		{7F5F0099-8771-4DEF-B0A9-8B0A67960C8F}.Debug|Any CPU.ActiveCfg = Debug|Any CPU
		{7F5F0099-8771-4DEF-B0A9-8B0A67960C8F}.Release|Any CPU.ActiveCfg = Release|Any CPU
	EndGlobalSection
	GlobalSection(SolutionProperties) = preSolution
		HideSolutionNode = FALSE
	EndGlobalSection
	GlobalSection(ExtensibilityGlobals) = postSolution
		SolutionGuid = {867F113B-357C-40B0-9229-F08A3C45DF9D}
	EndGlobalSection
EndGlobal
